
Microsoft Visual Studio Solution File, Format Version 12.00
# Visual Studio Version 17
VisualStudioVersion = 17.6.33723.286
MinimumVisualStudioVersion = 10.0.40219.1
Project("{2150E333-8FDC-42A3-9474-1A3956D46DE8}") = "backend", "backend", "{2896F8D9-8020-4EB3-B042-E8C67CD17FAD}"
EndProject
Project("{2150E333-8FDC-42A3-9474-1A3956D46DE8}") = "frontend", "frontend", "{ED06B245-9579-4083-A7E7-6CCFB4B2769E}"
EndProject
Project("{2150E333-8FDC-42A3-9474-1A3956D46DE8}") = "src", "src", "{9638AD0E-CD37-4E01-9110-7E115E3F23A6}"
EndProject
Project("{2150E333-8FDC-42A3-9474-1A3956D46DE8}") = "tests", "tests", "{025F60C0-D8DA-492F-87FE-E26C001F6DF4}"
EndProject
Project("{2150E333-8FDC-42A3-9474-1A3956D46DE8}") = "design", "design", "{F62954D2-36EB-42F7-9D2C-5E417B539FDE}"
EndProject
Project("{2150E333-8FDC-42A3-9474-1A3956D46DE8}") = "src", "src", "{1189A41B-0330-4779-AD1C-56263C768041}"
EndProject
Project("{2150E333-8FDC-42A3-9474-1A3956D46DE8}") = "tests", "tests", "{CD4EBDE0-2BAE-4156-8DE6-5D6595CE9F0F}"
EndProject
Project("{2150E333-8FDC-42A3-9474-1A3956D46DE8}") = "design", "design", "{01145741-4842-4176-AAA0-D7016BDB7AD5}"
EndProject
Project("{9A19103F-16F7-4668-BE54-9A1E7A4F7556}") = "arolariu.Backend.General.Tests", "backend\tests\arolariu.Backend.General.Tests\arolariu.Backend.General.Tests.csproj", "{865ED365-FD08-431A-9F4D-102EF0E915DF}"
EndProject
Project("{9A19103F-16F7-4668-BE54-9A1E7A4F7556}") = "arolariu.Backend", "backend\src\arolariu.Backend.csproj", "{06BB3A9C-3AAA-46B4-95FA-445381905347}"
EndProject
Project("{9A19103F-16F7-4668-BE54-9A1E7A4F7556}") = "arolariu.Frontend", "frontend\src\arolariu.Frontend\arolariu.Frontend.csproj", "{BFFB5B03-21BC-4C76-B141-8E54FEA943EA}"
EndProject
Global
	GlobalSection(SolutionConfigurationPlatforms) = preSolution
		Debug|Any CPU = Debug|Any CPU
		Release|Any CPU = Release|Any CPU
	EndGlobalSection
	GlobalSection(ProjectConfigurationPlatforms) = postSolution
		{865ED365-FD08-431A-9F4D-102EF0E915DF}.Debug|Any CPU.ActiveCfg = Debug|Any CPU
		{865ED365-FD08-431A-9F4D-102EF0E915DF}.Debug|Any CPU.Build.0 = Debug|Any CPU
		{865ED365-FD08-431A-9F4D-102EF0E915DF}.Release|Any CPU.ActiveCfg = Release|Any CPU
		{865ED365-FD08-431A-9F4D-102EF0E915DF}.Release|Any CPU.Build.0 = Release|Any CPU
		{06BB3A9C-3AAA-46B4-95FA-445381905347}.Debug|Any CPU.ActiveCfg = Debug|Any CPU
		{06BB3A9C-3AAA-46B4-95FA-445381905347}.Debug|Any CPU.Build.0 = Debug|Any CPU
		{06BB3A9C-3AAA-46B4-95FA-445381905347}.Release|Any CPU.ActiveCfg = Release|Any CPU
		{06BB3A9C-3AAA-46B4-95FA-445381905347}.Release|Any CPU.Build.0 = Release|Any CPU
		{BFFB5B03-21BC-4C76-B141-8E54FEA943EA}.Debug|Any CPU.ActiveCfg = Debug|Any CPU
		{BFFB5B03-21BC-4C76-B141-8E54FEA943EA}.Debug|Any CPU.Build.0 = Debug|Any CPU
		{BFFB5B03-21BC-4C76-B141-8E54FEA943EA}.Release|Any CPU.ActiveCfg = Release|Any CPU
		{BFFB5B03-21BC-4C76-B141-8E54FEA943EA}.Release|Any CPU.Build.0 = Release|Any CPU
	EndGlobalSection
	GlobalSection(SolutionProperties) = preSolution
		HideSolutionNode = FALSE
	EndGlobalSection
	GlobalSection(NestedProjects) = preSolution
		{9638AD0E-CD37-4E01-9110-7E115E3F23A6} = {2896F8D9-8020-4EB3-B042-E8C67CD17FAD}
		{025F60C0-D8DA-492F-87FE-E26C001F6DF4} = {2896F8D9-8020-4EB3-B042-E8C67CD17FAD}
		{F62954D2-36EB-42F7-9D2C-5E417B539FDE} = {2896F8D9-8020-4EB3-B042-E8C67CD17FAD}
		{1189A41B-0330-4779-AD1C-56263C768041} = {ED06B245-9579-4083-A7E7-6CCFB4B2769E}
		{CD4EBDE0-2BAE-4156-8DE6-5D6595CE9F0F} = {ED06B245-9579-4083-A7E7-6CCFB4B2769E}
		{01145741-4842-4176-AAA0-D7016BDB7AD5} = {ED06B245-9579-4083-A7E7-6CCFB4B2769E}
		{865ED365-FD08-431A-9F4D-102EF0E915DF} = {025F60C0-D8DA-492F-87FE-E26C001F6DF4}
		{06BB3A9C-3AAA-46B4-95FA-445381905347} = {9638AD0E-CD37-4E01-9110-7E115E3F23A6}
		{BFFB5B03-21BC-4C76-B141-8E54FEA943EA} = {1189A41B-0330-4779-AD1C-56263C768041}
	EndGlobalSection
	GlobalSection(ExtensibilityGlobals) = postSolution
		SolutionGuid = {875E8435-79EF-4F24-A31F-98DA38925269}
	EndGlobalSection
EndGlobal
