
Microsoft Visual Studio Solution File, Format Version 12.00
# Visual Studio Version 17
VisualStudioVersion = 17.6.33801.468
MinimumVisualStudioVersion = 10.0.40219.1
Project("{2150E333-8FDC-42A3-9474-1A3956D46DE8}") = "sites", "sites", "{E2FEF08E-F7EE-4660-A42C-9D8BC5037052}"
EndProject
Project("{2150E333-8FDC-42A3-9474-1A3956D46DE8}") = "api.arolariu.ro", "api.arolariu.ro", "{43EC0FDF-1BAE-4E8D-96AF-4965B3D3955B}"
EndProject
Project("{2150E333-8FDC-42A3-9474-1A3956D46DE8}") = "about.arolariu.ro", "about.arolariu.ro", "{6B1480E8-688F-4DC2-8CB2-4FCD8322DB51}"
EndProject
Project("{2150E333-8FDC-42A3-9474-1A3956D46DE8}") = "docs.arolariu.ro", "docs.arolariu.ro", "{515DC48E-C467-42DA-82C0-43BC1B8855EE}"
EndProject
Project("{9A19103F-16F7-4668-BE54-9A1E7A4F7556}") = "arolariu.Backend.Core", "sites\api.arolariu.ro\backend\src\arolariu.Backend.Core.csproj", "{9AE40FD3-F8F8-43CD-A898-E536ABFD9DA8}"
EndProject
Project("{9A19103F-16F7-4668-BE54-9A1E7A4F7556}") = "arolariu.Backend.Core.Tests", "sites\api.arolariu.ro\backend\tests\arolariu.Backend.General.Tests\arolariu.Backend.Core.Tests.csproj", "{875C8817-A364-43D1-86F8-0BEEE19AC03C}"
EndProject
Project("{2150E333-8FDC-42A3-9474-1A3956D46DE8}") = "src", "src", "{1187C109-1E68-46E3-86FB-3ABB5FC50129}"
EndProject
Project("{2150E333-8FDC-42A3-9474-1A3956D46DE8}") = "tests", "tests", "{8521A553-FE75-45D8-8C39-5AC04A9F9102}"
EndProject
Global
	GlobalSection(SolutionConfigurationPlatforms) = preSolution
		Debug|Any CPU = Debug|Any CPU
		Release|Any CPU = Release|Any CPU
	EndGlobalSection
	GlobalSection(ProjectConfigurationPlatforms) = postSolution
		{9AE40FD3-F8F8-43CD-A898-E536ABFD9DA8}.Debug|Any CPU.ActiveCfg = Debug|Any CPU
		{9AE40FD3-F8F8-43CD-A898-E536ABFD9DA8}.Debug|Any CPU.Build.0 = Debug|Any CPU
		{9AE40FD3-F8F8-43CD-A898-E536ABFD9DA8}.Release|Any CPU.ActiveCfg = Release|Any CPU
		{9AE40FD3-F8F8-43CD-A898-E536ABFD9DA8}.Release|Any CPU.Build.0 = Release|Any CPU
		{875C8817-A364-43D1-86F8-0BEEE19AC03C}.Debug|Any CPU.ActiveCfg = Debug|Any CPU
		{875C8817-A364-43D1-86F8-0BEEE19AC03C}.Debug|Any CPU.Build.0 = Debug|Any CPU
		{875C8817-A364-43D1-86F8-0BEEE19AC03C}.Release|Any CPU.ActiveCfg = Release|Any CPU
		{875C8817-A364-43D1-86F8-0BEEE19AC03C}.Release|Any CPU.Build.0 = Release|Any CPU
	EndGlobalSection
	GlobalSection(SolutionProperties) = preSolution
		HideSolutionNode = FALSE
	EndGlobalSection
	GlobalSection(NestedProjects) = preSolution
		{43EC0FDF-1BAE-4E8D-96AF-4965B3D3955B} = {E2FEF08E-F7EE-4660-A42C-9D8BC5037052}
		{6B1480E8-688F-4DC2-8CB2-4FCD8322DB51} = {E2FEF08E-F7EE-4660-A42C-9D8BC5037052}
		{515DC48E-C467-42DA-82C0-43BC1B8855EE} = {E2FEF08E-F7EE-4660-A42C-9D8BC5037052}
		{9AE40FD3-F8F8-43CD-A898-E536ABFD9DA8} = {1187C109-1E68-46E3-86FB-3ABB5FC50129}
		{875C8817-A364-43D1-86F8-0BEEE19AC03C} = {8521A553-FE75-45D8-8C39-5AC04A9F9102}
		{1187C109-1E68-46E3-86FB-3ABB5FC50129} = {43EC0FDF-1BAE-4E8D-96AF-4965B3D3955B}
		{8521A553-FE75-45D8-8C39-5AC04A9F9102} = {43EC0FDF-1BAE-4E8D-96AF-4965B3D3955B}
	EndGlobalSection
	GlobalSection(ExtensibilityGlobals) = postSolution
		SolutionGuid = {69464FAA-8262-4FE4-9C8A-470CBE7146E1}
	EndGlobalSection
EndGlobal
