
Microsoft Visual Studio Solution File, Format Version 12.00
# Visual Studio Version 18
VisualStudioVersion = 18.0.11012.143 main
MinimumVisualStudioVersion = 10.0.40219.1
Project("{2150E333-8FDC-42A3-9474-1A3956D46DE8}") = "root", "root", "{15F6FC59-AAC4-54A0-792B-7B93FC8C81FD}"
	ProjectSection(SolutionItems) = preProject
		sites\api.arolariu.ro\.dockerignore = sites\api.arolariu.ro\.dockerignore
		.editorconfig = .editorconfig
		.filenesting.json = .filenesting.json
		.gitignore = .gitignore
		sites\api.arolariu.ro\Controllers_Breakpoints.xml = sites\api.arolariu.ro\Controllers_Breakpoints.xml
		sites\api.arolariu.ro\Dockerfile = sites\api.arolariu.ro\Dockerfile
	EndProjectSection
EndProject
Project("{2150E333-8FDC-42A3-9474-1A3956D46DE8}") = "sites", "sites", "{764265A3-F92B-2B65-AB15-F6A725BE5888}"
EndProject
Project("{2150E333-8FDC-42A3-9474-1A3956D46DE8}") = "api.arolariu.ro", "api.arolariu.ro", "{96C5D728-50B5-84A8-2EE8-A51E81D65133}"
EndProject
Project("{2150E333-8FDC-42A3-9474-1A3956D46DE8}") = "src", "src", "{56B9566A-5DC1-5AE6-B61A-3D4881CCA276}"
EndProject
Project("{FAE04EC0-301F-11D3-BF4B-00C04F79EFBC}") = "arolariu.Backend.Common", "sites\api.arolariu.ro\src\Common\arolariu.Backend.Common.csproj", "{B114EC8D-7A16-887F-080F-ED90CE10FF59}"
EndProject
Project("{FAE04EC0-301F-11D3-BF4B-00C04F79EFBC}") = "arolariu.Backend.Core.Auth", "sites\api.arolariu.ro\src\Core.Auth\arolariu.Backend.Core.Auth.csproj", "{8CC13807-7648-5A91-A761-FF46AF5F16D1}"
EndProject
Project("{FAE04EC0-301F-11D3-BF4B-00C04F79EFBC}") = "arolariu.Backend.Core", "sites\api.arolariu.ro\src\Core\arolariu.Backend.Core.csproj", "{FEA8F32A-76AB-69C5-8C7A-EE7A033536D9}"
EndProject
Project("{FAE04EC0-301F-11D3-BF4B-00C04F79EFBC}") = "arolariu.Backend.Domain.Invoices", "sites\api.arolariu.ro\src\Invoices\arolariu.Backend.Domain.Invoices.csproj", "{85A9E228-2D4B-57C7-A712-AE5A4A972DE0}"
EndProject
Project("{2150E333-8FDC-42A3-9474-1A3956D46DE8}") = "tests", "tests", "{8FD46565-B069-3AA7-5A3C-B95608CE873A}"
EndProject
Project("{FAE04EC0-301F-11D3-BF4B-00C04F79EFBC}") = "arolariu.Backend.Core.Tests", "sites\api.arolariu.ro\tests\arolariu.Backend.Core.Tests\arolariu.Backend.Core.Tests.csproj", "{CD7B7AE6-14D4-BD72-9859-4EB283B6E3F1}"
	ProjectSection(ProjectDependencies) = postProject
		{B114EC8D-7A16-887F-080F-ED90CE10FF59} = {B114EC8D-7A16-887F-080F-ED90CE10FF59}
		{8CC13807-7648-5A91-A761-FF46AF5F16D1} = {8CC13807-7648-5A91-A761-FF46AF5F16D1}
		{FEA8F32A-76AB-69C5-8C7A-EE7A033536D9} = {FEA8F32A-76AB-69C5-8C7A-EE7A033536D9}
	EndProjectSection
EndProject
Project("{FAE04EC0-301F-11D3-BF4B-00C04F79EFBC}") = "arolariu.Backend.Domain.Tests", "sites\api.arolariu.ro\tests\arolariu.Backend.Domain.Tests\arolariu.Backend.Domain.Tests.csproj", "{CFF48AAE-5595-6496-9740-514FDCA22564}"
	ProjectSection(ProjectDependencies) = postProject
		{85A9E228-2D4B-57C7-A712-AE5A4A972DE0} = {85A9E228-2D4B-57C7-A712-AE5A4A972DE0}
	EndProjectSection
EndProject
Global
	GlobalSection(SolutionConfigurationPlatforms) = preSolution
		Debug|Any CPU = Debug|Any CPU
		Release|Any CPU = Release|Any CPU
	EndGlobalSection
	GlobalSection(ProjectConfigurationPlatforms) = postSolution
		{B114EC8D-7A16-887F-080F-ED90CE10FF59}.Debug|Any CPU.ActiveCfg = Debug|Any CPU
		{B114EC8D-7A16-887F-080F-ED90CE10FF59}.Debug|Any CPU.Build.0 = Debug|Any CPU
		{B114EC8D-7A16-887F-080F-ED90CE10FF59}.Release|Any CPU.ActiveCfg = Release|Any CPU
		{B114EC8D-7A16-887F-080F-ED90CE10FF59}.Release|Any CPU.Build.0 = Release|Any CPU
		{8CC13807-7648-5A91-A761-FF46AF5F16D1}.Debug|Any CPU.ActiveCfg = Debug|Any CPU
		{8CC13807-7648-5A91-A761-FF46AF5F16D1}.Debug|Any CPU.Build.0 = Debug|Any CPU
		{8CC13807-7648-5A91-A761-FF46AF5F16D1}.Release|Any CPU.ActiveCfg = Release|Any CPU
		{8CC13807-7648-5A91-A761-FF46AF5F16D1}.Release|Any CPU.Build.0 = Release|Any CPU
		{FEA8F32A-76AB-69C5-8C7A-EE7A033536D9}.Debug|Any CPU.ActiveCfg = Debug|Any CPU
		{FEA8F32A-76AB-69C5-8C7A-EE7A033536D9}.Debug|Any CPU.Build.0 = Debug|Any CPU
		{FEA8F32A-76AB-69C5-8C7A-EE7A033536D9}.Release|Any CPU.ActiveCfg = Release|Any CPU
		{FEA8F32A-76AB-69C5-8C7A-EE7A033536D9}.Release|Any CPU.Build.0 = Release|Any CPU
		{85A9E228-2D4B-57C7-A712-AE5A4A972DE0}.Debug|Any CPU.ActiveCfg = Debug|Any CPU
		{85A9E228-2D4B-57C7-A712-AE5A4A972DE0}.Debug|Any CPU.Build.0 = Debug|Any CPU
		{85A9E228-2D4B-57C7-A712-AE5A4A972DE0}.Release|Any CPU.ActiveCfg = Release|Any CPU
		{85A9E228-2D4B-57C7-A712-AE5A4A972DE0}.Release|Any CPU.Build.0 = Release|Any CPU
		{CD7B7AE6-14D4-BD72-9859-4EB283B6E3F1}.Debug|Any CPU.ActiveCfg = Debug|Any CPU
		{CD7B7AE6-14D4-BD72-9859-4EB283B6E3F1}.Debug|Any CPU.Build.0 = Debug|Any CPU
		{CD7B7AE6-14D4-BD72-9859-4EB283B6E3F1}.Release|Any CPU.ActiveCfg = Release|Any CPU
		{CD7B7AE6-14D4-BD72-9859-4EB283B6E3F1}.Release|Any CPU.Build.0 = Release|Any CPU
		{CFF48AAE-5595-6496-9740-514FDCA22564}.Debug|Any CPU.ActiveCfg = Debug|Any CPU
		{CFF48AAE-5595-6496-9740-514FDCA22564}.Debug|Any CPU.Build.0 = Debug|Any CPU
		{CFF48AAE-5595-6496-9740-514FDCA22564}.Release|Any CPU.ActiveCfg = Release|Any CPU
		{CFF48AAE-5595-6496-9740-514FDCA22564}.Release|Any CPU.Build.0 = Release|Any CPU
	EndGlobalSection
	GlobalSection(SolutionProperties) = preSolution
		HideSolutionNode = FALSE
	EndGlobalSection
	GlobalSection(NestedProjects) = preSolution
		{96C5D728-50B5-84A8-2EE8-A51E81D65133} = {764265A3-F92B-2B65-AB15-F6A725BE5888}
		{56B9566A-5DC1-5AE6-B61A-3D4881CCA276} = {96C5D728-50B5-84A8-2EE8-A51E81D65133}
		{B114EC8D-7A16-887F-080F-ED90CE10FF59} = {56B9566A-5DC1-5AE6-B61A-3D4881CCA276}
		{8CC13807-7648-5A91-A761-FF46AF5F16D1} = {56B9566A-5DC1-5AE6-B61A-3D4881CCA276}
		{FEA8F32A-76AB-69C5-8C7A-EE7A033536D9} = {56B9566A-5DC1-5AE6-B61A-3D4881CCA276}
		{85A9E228-2D4B-57C7-A712-AE5A4A972DE0} = {56B9566A-5DC1-5AE6-B61A-3D4881CCA276}
		{8FD46565-B069-3AA7-5A3C-B95608CE873A} = {96C5D728-50B5-84A8-2EE8-A51E81D65133}
		{CD7B7AE6-14D4-BD72-9859-4EB283B6E3F1} = {8FD46565-B069-3AA7-5A3C-B95608CE873A}
		{CFF48AAE-5595-6496-9740-514FDCA22564} = {8FD46565-B069-3AA7-5A3C-B95608CE873A}
	EndGlobalSection
EndGlobal
