{
  "version": 2,
  "dependencies": {
    "net10.0": {
      "AspNetCore.HealthChecks.AzureKeyVault": {
        "type": "Direct",
        "requested": "[9.0.0, )",
        "resolved": "9.0.0",
        "contentHash": "wTE3IHec7Un99aTFXDMYu+MTTKgsnKBHOgBS73Mqm8jxYgr39+P6BypTAOA9s0FLYTjOuF6s1y+H6/67MTWvwQ==",
        "dependencies": {
          "Azure.Security.KeyVault.Certificates": "4.5.1",
          "Azure.Security.KeyVault.Keys": "4.5.0",
          "Azure.Security.KeyVault.Secrets": "4.5.0"
        }
      },
      "AspNetCore.HealthChecks.AzureStorage": {
        "type": "Direct",
        "requested": "[7.0.0, )",
        "resolved": "7.0.0",
        "contentHash": "mjgooDDmZ2VB/xTf3A/uehD1XJfRcIM/oOxDDHkBQzjeTrdWSVpZobOMrEpNSlwCwzEdMvlWAhhSuZNdd+znNA==",
        "dependencies": {
          "Azure.Storage.Blobs": "12.17.0",
          "Azure.Storage.Files.Shares": "12.15.0",
          "Azure.Storage.Queues": "12.15.0"
        }
      },
      "AspNetCore.HealthChecks.CosmosDb": {
        "type": "Direct",
        "requested": "[9.0.0, )",
        "resolved": "9.0.0",
        "contentHash": "lb1dZiZE88ipN2Ied4XsgZYorEIOvXoX2cHI4K9JhzGCAe9Av28RaXuJoqYT/7GMSiCX1lzIZpYMoSp4r/xAOQ==",
        "dependencies": {
          "Microsoft.Azure.Cosmos": "3.46.0"
        }
      },
      "AspNetCore.HealthChecks.SqlServer": {
        "type": "Direct",
        "requested": "[9.0.0, )",
        "resolved": "9.0.0",
        "contentHash": "UxCf65iCF2nU1u7AcB320abjL4CRg5swCgJECY6mKk1j5lrGMfVtskWwriGs1T29pYdRig9Vra3SPnP+4G82pA==",
        "dependencies": {
          "Microsoft.Data.SqlClient": "5.2.2"
        }
      },
      "AspNetCore.HealthChecks.UI.Client": {
        "type": "Direct",
        "requested": "[9.0.0, )",
        "resolved": "9.0.0",
        "contentHash": "1Ub3Wvvbz7CMuFNWgLEc9qqQibiMoovDML/WHrwr5J83RPgtI20giCR92s/ipLgu7IIuqw+W/y7WpIeHqAICxg==",
        "dependencies": {
          "AspNetCore.HealthChecks.UI.Core": "9.0.0"
        }
      },
      "Azure.AI.OpenAI": {
        "type": "Direct",
        "requested": "[2.1.0, )",
        "resolved": "2.1.0",
        "contentHash": "doixr3tcsIcdzbzF9NxKt+6U0NKj6aPeOCPYONPsWjyf3gxVndVJAdjPcVdqeR/3vcRHXRgGnGlv+iXx5jMA4g==",
        "dependencies": {
          "Azure.Core": "1.44.1",
          "OpenAI": "2.1.0"
        }
      },
      "Azure.Extensions.AspNetCore.Configuration.Secrets": {
        "type": "Direct",
        "requested": "[1.4.0, )",
        "resolved": "1.4.0",
        "contentHash": "cy8kazCYnG/IUHQ9048UUmObgbPsqkQbcdrCAPxl1JA6ylLBV+v+8586bOWpuSF6GZaxpulLGFDBBm3PR5t1gA==",
        "dependencies": {
          "Azure.Core": "1.44.1",
          "Azure.Security.KeyVault.Secrets": "4.6.0"
        }
      },
      "Azure.Storage.Blobs": {
        "type": "Direct",
        "requested": "[12.26.0, )",
        "resolved": "12.26.0",
        "contentHash": "EBRSHmI0eNzdufcIS1Rf7Ez9M8V1Jl7pMV4UWDERDMCv513KtAVsgz2ez2FQP9Qnwg7uEQrP+Uc7vBtumlr7sQ==",
        "dependencies": {
          "Azure.Core": "1.47.3",
          "Azure.Storage.Common": "12.25.0"
        }
      },
      "Microsoft.ApplicationInsights.AspNetCore": {
        "type": "Direct",
        "requested": "[2.23.0, )",
        "resolved": "2.23.0",
        "contentHash": "we/RsIn0Mwf/4ZNGXZixJ0lVD3pqjx2yVeKfqJybgYY/Lib8nnf+8YGJp+ULN3kOk39I0pI/7ZnF9LFy6hS3lw==",
        "dependencies": {
          "Microsoft.ApplicationInsights": "2.23.0",
          "Microsoft.ApplicationInsights.DependencyCollector": "2.23.0",
          "Microsoft.ApplicationInsights.EventCounterCollector": "2.23.0",
          "Microsoft.ApplicationInsights.PerfCounterCollector": "2.23.0",
          "Microsoft.ApplicationInsights.WindowsServer": "2.23.0",
          "Microsoft.ApplicationInsights.WindowsServer.TelemetryChannel": "2.23.0",
          "Microsoft.Extensions.Logging.ApplicationInsights": "2.23.0"
        }
      },
      "Microsoft.Azure.Cosmos": {
        "type": "Direct",
        "requested": "[3.56.0, )",
        "resolved": "3.56.0",
        "contentHash": "YGdZL2FOHZ5W9DlPqobS7bwmq4PRnTMGGMkCA1O5aRtSiyklmbxAjAgur5Au0U23A/hh2k/vYkIJVcmmW1XRIw==",
        "dependencies": {
          "Azure.Core": "1.44.1",
          "Microsoft.Bcl.AsyncInterfaces": "6.0.0",
          "Microsoft.Bcl.HashCode": "1.1.0",
          "System.Configuration.ConfigurationManager": "6.0.0"
        }
      },
      "Microsoft.Extensions.Azure": {
        "type": "Direct",
        "requested": "[1.13.1, )",
        "resolved": "1.13.1",
        "contentHash": "AIP7ud1rcQTRfzgne5Jw0P+zjx8ojGawwRuBVrYWgA/a+TKW3CaoQK/sYUcrbxYSVv6FT8rSwTlMecC0MwEbOQ==",
        "dependencies": {
          "Azure.Core": "1.50.0",
          "Azure.Identity": "1.17.1"
        }
      },
      "Microsoft.VisualStudio.Azure.Containers.Tools.Targets": {
        "type": "Direct",
        "requested": "[1.23.0-preview.4, )",
        "resolved": "1.23.0-preview.4",
        "contentHash": "gLDGzspMngadQNEEU/y2muHr1OqcnchrG1i8O3diD7t8/D/jdoNAC6VzrVrU1ejsIowypbxeLm62rjDUhrHsOg=="
      },
      "Newtonsoft.Json": {
        "type": "Direct",
        "requested": "[13.0.4, )",
        "resolved": "13.0.4",
        "contentHash": "pdgNNMai3zv51W5aq268sujXUyx7SNdE2bj1wZcWjAQrKMFZV260lbqYop1d2GM67JI1huLRwxo9ZqnfF/lC6A=="
      },
      "AspNetCore.HealthChecks.UI.Core": {
        "type": "Transitive",
        "resolved": "9.0.0",
        "contentHash": "TVriy4hgYnhfqz6NAzv8qe62Q8wf82iKUL6WV9selqeFZTq1ILi39Sic6sFQegRysvAVcnxKP/vY8z9Fk8x6XQ=="
      },
      "Azure.Data.AppConfiguration": {
        "type": "Transitive",
        "resolved": "1.6.1",
        "contentHash": "Vlc3hlCAsAf7BU8nH91sc6al++SmBfifF7BEol7SlRHxZKO7yC/UvduxHKytSBtdArYgsocaxUKZ8II55UfwTw==",
        "dependencies": {
          "Azure.Core": "1.46.0"
        }
      },
      "Azure.Messaging.EventGrid": {
        "type": "Transitive",
        "resolved": "5.0.0",
        "contentHash": "/lc0X9Na9v8mb6cY8vRIaMuQEcerHK8msmwmc3nhkY9QX4x4R8w+sDxnHM0eXezzzmEumkfUPnDWIKCEzvsl9A==",
        "dependencies": {
          "Azure.Core": "1.46.2",
          "Azure.Messaging.EventGrid.SystemEvents": "1.0.0"
        }
      },
      "Azure.Messaging.EventGrid.SystemEvents": {
        "type": "Transitive",
        "resolved": "1.0.0",
        "contentHash": "sGAZL0Kw3ErcPPdN3+OcMM+fTCeyGtP/No0+D7PP4tCI5VqKB2DxOlu/tdF4UYuk6YXE3XAZ/yHDjmzEaqr59g==",
        "dependencies": {
          "Azure.Core": "1.46.2"
        }
      },
      "Azure.Security.KeyVault.Certificates": {
        "type": "Transitive",
        "resolved": "4.5.1",
        "contentHash": "fUUUhs77HPVJZ1ZqKIpCo6qrYDAeol2EzpwIK1j/14HD1DKB2EIWu0FsmtNLivpc6mPI4OA+YPfJpDzu47Azuw==",
        "dependencies": {
          "Azure.Core": "1.30.0"
        }
      },
      "Azure.Security.KeyVault.Keys": {
        "type": "Transitive",
        "resolved": "4.5.0",
        "contentHash": "HnW9kjhRzQkfJE4ISl63cWVa6qLe3FM1MxoxNvNFtDUeT5iMBEg0YgGbcx2YgEiYaazIvSgZyjBr4L3Ur3+m7g==",
        "dependencies": {
          "Azure.Core": "1.30.0"
        }
      },
      "Azure.Storage.Common": {
        "type": "Transitive",
        "resolved": "12.25.0",
        "contentHash": "MHGWp4aLHRo0BdLj25U2qYdYK//Zz21k4bs3SVyNQEmJbBl3qZ8GuOmTSXJ+Zad93HnFXfvD8kyMr0gjA8Ftpw==",
        "dependencies": {
          "Azure.Core": "1.47.3",
          "System.IO.Hashing": "8.0.0"
        }
      },
      "Azure.Storage.Files.Shares": {
        "type": "Transitive",
        "resolved": "12.15.0",
        "contentHash": "eX+jUCenE6+YA5GDwEx5Q6MtzrlK2jGEsFxlVcEXjEyvSO42cJ+ZLCzlLtmoB0RD8SPUOde5+1nFKqblGwHIdw==",
        "dependencies": {
          "Azure.Storage.Common": "12.16.0"
        }
      },
      "Azure.Storage.Queues": {
        "type": "Transitive",
        "resolved": "12.15.0",
        "contentHash": "ZCUxifpmNUAWmEE11KhrU0VPRTxG22IRhZGoplWIr10q2DWQTjqA9ucg1qqJpG966nW2I/pfXdeN7mHU+k00FA==",
        "dependencies": {
          "Azure.Storage.Common": "12.16.0",
          "System.Memory.Data": "1.0.2"
        }
      },
      "Castle.Core": {
        "type": "Transitive",
        "resolved": "5.2.1",
        "contentHash": "wHARzQA695jwwKreOzNsq54KiGqKP38tv8hi8e2FXDEC/sA6BtrX90tVPDkOfVu13PbEzr00TCV8coikl+D1Iw=="
      },
      "DnsClient": {
        "type": "Transitive",
        "resolved": "1.7.0",
        "contentHash": "2hrXR83b5g6/ZMJOA36hXp4t56yb7G1mF3Hg6IkrHxvtyaoXRn2WVdgDPN3V8+GugOlUBbTWXgPaka4dXw1QIg=="
      },
      "Microsoft.ApplicationInsights.EventCounterCollector": {
        "type": "Transitive",
        "resolved": "2.23.0",
        "contentHash": "gGt0JPw2dcSeIAIefyORJBdeMz8KgAFIktu8HV/NwkiGmLyw+YtifLm6B5gvGxO15AeMsGPbmvWEIvLfq88XPw==",
        "dependencies": {
          "Microsoft.ApplicationInsights": "2.23.0"
        }
      },
      "Microsoft.ApplicationInsights.PerfCounterCollector": {
        "type": "Transitive",
        "resolved": "2.23.0",
        "contentHash": "q9ApjZfBS9O8m3aQM2oVjsGBmlE8BCFywT7UR+8aqdNuz7HpoIxw4jHy0XOBergiFX/olrJF4OyPkGxc3H5JHg==",
        "dependencies": {
          "Microsoft.ApplicationInsights": "2.23.0",
          "System.Diagnostics.PerformanceCounter": "6.0.0"
        }
      },
      "Microsoft.ApplicationInsights.WindowsServer": {
        "type": "Transitive",
        "resolved": "2.23.0",
        "contentHash": "2B8CGfnB/tribkQAqRBhMvJYJK5TkEPMG/BB0QrlxdwVGEufayNLMveXjkQCqld9arXd6wKR1ve2XmkA0+xXKQ==",
        "dependencies": {
          "Microsoft.ApplicationInsights": "2.23.0",
          "Microsoft.ApplicationInsights.DependencyCollector": "2.23.0",
          "Microsoft.ApplicationInsights.PerfCounterCollector": "2.23.0",
          "Microsoft.ApplicationInsights.WindowsServer.TelemetryChannel": "2.23.0"
        }
      },
      "Microsoft.ApplicationInsights.WindowsServer.TelemetryChannel": {
        "type": "Transitive",
        "resolved": "2.23.0",
        "contentHash": "798Dudr4tkujslk1w+XcXOcCErmVsk+nhp+QCHLa3lcgi25vkAxBmzPUeQlRJVCNL/1f4x/YF+vQZ8RSuTXWCw==",
        "dependencies": {
          "Microsoft.ApplicationInsights": "2.23.0",
          "System.IO.FileSystem.AccessControl": "4.7.0"
        }
      },
      "Microsoft.Bcl.AsyncInterfaces": {
        "type": "Transitive",
        "resolved": "8.0.0",
        "contentHash": "3WA9q9yVqJp222P3x1wYIGDAkpjAku0TMUaaQV22g6L67AI0LdOIrVS7Ht2vJfLHGSPVuqN94vIr15qn+HEkHw=="
      },
      "Microsoft.Bcl.Cryptography": {
        "type": "Transitive",
        "resolved": "9.0.4",
        "contentHash": "YgZYAWzyNuPVtPq6WNm0bqOWNjYaWgl5mBWTGZyNoXitYBUYSp6iUB9AwK0V1mo793qRJUXz2t6UZrWITZSvuQ=="
      },
      "Microsoft.Bcl.HashCode": {
        "type": "Transitive",
        "resolved": "6.0.0",
        "contentHash": "GI4jcoi6eC9ZhNOQylIBaWOQjyGaR8T6N3tC1u8p3EXfndLCVNNWa+Zp+ocjvvS3kNBN09Zma2HXL0ezO0dRfw=="
      },
      "Microsoft.Data.SqlClient": {
        "type": "Transitive",
        "resolved": "6.1.1",
        "contentHash": "syGQmIUPAYYHAHyTD8FCkTNThpQWvoA7crnIQRMfp8dyB5A2cWU3fQexlRTFkVmV7S0TjVmthi0LJEFVjHo8AQ==",
        "dependencies": {
          "Azure.Core": "1.47.1",
          "Azure.Identity": "1.14.2",
          "Microsoft.Bcl.Cryptography": "9.0.4",
          "Microsoft.Data.SqlClient.SNI.runtime": "6.0.2",
          "Microsoft.IdentityModel.JsonWebTokens": "7.7.1",
          "Microsoft.IdentityModel.Protocols.OpenIdConnect": "7.7.1",
          "Microsoft.SqlServer.Server": "1.0.0",
          "System.Configuration.ConfigurationManager": "9.0.4",
          "System.Security.Cryptography.Pkcs": "9.0.4"
        }
      },
      "Microsoft.Data.SqlClient.SNI.runtime": {
        "type": "Transitive",
        "resolved": "6.0.2",
        "contentHash": "f+pRODTWX7Y67jXO3T5S2dIPZ9qMJNySjlZT/TKmWVNWe19N8jcWmHaqHnnchaq3gxEKv1SWVY5EFzOD06l41w=="
      },
      "Microsoft.Data.Sqlite.Core": {
        "type": "Transitive",
        "resolved": "10.0.0",
        "contentHash": "wPKG/Ym6tSMCo06UOZXzVfeFGzawnOZrTba/R3PfK+RhNuNELZ9I7nFns4WGTtv2kKlrlmmErgJ+kgTXHaNdHg==",
        "dependencies": {
          "SQLitePCLRaw.core": "2.1.11"
        }
      },
      "Microsoft.Extensions.ApiDescription.Server": {
        "type": "Transitive",
        "resolved": "10.0.0",
        "contentHash": "NCWCGiwRwje8773yzPQhvucYnnfeR+ZoB1VRIrIMp4uaeUNw7jvEPHij3HIbwCDuNCrNcphA00KSAR9yD9qmbg=="
      },
      "Microsoft.Extensions.DependencyModel": {
        "type": "Transitive",
        "resolved": "10.0.0",
        "contentHash": "RFYJR7APio/BiqdQunRq6DB+nDB6nc2qhHr77mlvZ0q0BT8PubMXN7XicmfzCbrDE/dzhBnUKBRXLTcqUiZDGg=="
      },
      "Microsoft.Extensions.Logging.ApplicationInsights": {
        "type": "Transitive",
        "resolved": "2.23.0",
        "contentHash": "JLEabPz445i1yRB0hKZVzJJE35QatRIzWlrMOiBQXr9kBJod0jkpkrBf94ln6kXu+jlEGohnXtuXacPPhybJDw==",
        "dependencies": {
          "Microsoft.ApplicationInsights": "2.23.0"
        }
      },
      "Microsoft.Identity.Client": {
        "type": "Transitive",
        "resolved": "4.78.0",
        "contentHash": "vZ50HE9INSN+Ew8pCgTm0t7wzxQTqozF9L4MAsl64etXz0Teo0dbUvjpVzqDHRs6m1Vn8mHF04fGaxXrIvGpsg==",
        "dependencies": {
          "Microsoft.IdentityModel.Abstractions": "8.14.0"
        }
      },
      "Microsoft.Identity.Client.Extensions.Msal": {
        "type": "Transitive",
        "resolved": "4.78.0",
        "contentHash": "DYU9o+DrDQuyZxeq91GBA9eNqBvA3ZMkLzQpF7L9dTk6FcIBM1y1IHXWqiKXTvptPF7CZE59upbyUoa+FJ5eiA==",
        "dependencies": {
          "Microsoft.Identity.Client": "4.78.0",
          "System.Security.Cryptography.ProtectedData": "4.5.0"
        }
      },
      "Microsoft.IdentityModel.Abstractions": {
        "type": "Transitive",
        "resolved": "8.15.0",
        "contentHash": "e/DApa1GfxUqHSBHcpiQg8yaghKAvFVBQFcWh25jNoRobDZbduTUACY8bZ54eeGWXvimGmEDdF0zkS5Dq16XPQ=="
      },
      "Microsoft.IdentityModel.Logging": {
        "type": "Transitive",
        "resolved": "8.15.0",
        "contentHash": "1gJLjhy0LV2RQMJ9NGzi5Tnb2l+c37o8D8Lrk2mrvmb6OQHZ7XJstd/XxvncXgBpad4x9CGXdipbZzJJCXKyAg==",
        "dependencies": {
          "Microsoft.IdentityModel.Abstractions": "8.15.0"
        }
      },
      "Microsoft.IdentityModel.Protocols": {
        "type": "Transitive",
        "resolved": "8.0.1",
        "contentHash": "uA2vpKqU3I2mBBEaeJAWPTjT9v1TZrGWKdgK6G5qJd03CLx83kdiqO9cmiK8/n1erkHzFBwU/RphP83aAe3i3g==",
        "dependencies": {
          "Microsoft.IdentityModel.Tokens": "8.0.1"
        }
      },
      "Microsoft.IdentityModel.Protocols.OpenIdConnect": {
        "type": "Transitive",
        "resolved": "8.0.1",
        "contentHash": "AQDbfpL+yzuuGhO/mQhKNsp44pm5Jv8/BI4KiFXR7beVGZoSH35zMV3PrmcfvSTsyI6qrcR898NzUauD6SRigg==",
        "dependencies": {
          "Microsoft.IdentityModel.Protocols": "8.0.1",
          "System.IdentityModel.Tokens.Jwt": "8.0.1"
        }
      },
      "Microsoft.IdentityModel.Tokens": {
        "type": "Transitive",
        "resolved": "8.15.0",
        "contentHash": "zUE9ysJXBtXlHHRtcRK3Sp8NzdCI1z/BRDTXJQ2TvBoI0ENRtnufYIep0O5TSCJRJGDwwuLTUx+l/bEYZUxpCA==",
        "dependencies": {
          "Microsoft.IdentityModel.Logging": "8.15.0"
        }
      },
      "Microsoft.NETCore.Platforms": {
        "type": "Transitive",
        "resolved": "1.1.0",
        "contentHash": "kz0PEW2lhqygehI/d6XsPCQzD7ff7gUJaVGPVETX611eadGsA3A877GdSlU0LRVMCTH/+P3o2iDTak+S08V2+A=="
      },
      "Microsoft.OpenApi": {
        "type": "Transitive",
        "resolved": "2.3.0",
        "contentHash": "5RZpjyt0JMmoc/aEgY9c1vE5pusdDGvkPl9qKIy9KFbRiIXD+w7gBJxX+unSjzzOcfgRoYxnO4okZyqDAL2WEw=="
      },
      "Microsoft.Rest.ClientRuntime": {
        "type": "Transitive",
        "resolved": "2.3.20",
        "contentHash": "bw/H1nO4JdnhTagPHWIFQwtlQ6rb2jqw5RTrqPsPqzrjhJxc7P6MyNGdf4pgHQdzdpBSNOfZTEQifoUkxmzYXQ==",
        "dependencies": {
          "Newtonsoft.Json": "10.0.3"
        }
      },
      "Microsoft.Rest.ClientRuntime.Azure": {
        "type": "Transitive",
        "resolved": "3.3.18",
        "contentHash": "pCtem10PRQYvzRiwJVInsccsqB0NrTjW83NF3zWk1LpN3IS0AneZKq89RyogDT7mRMT1Li/mLY8N8kU6RAiK0g==",
        "dependencies": {
          "Microsoft.Rest.ClientRuntime": "[2.3.17, 3.0.0)",
          "NETStandard.Library": "1.6.1",
          "Newtonsoft.Json": "10.0.3"
        }
      },
      "Microsoft.SqlServer.Server": {
        "type": "Transitive",
        "resolved": "1.0.0",
        "contentHash": "N4KeF3cpcm1PUHym1RmakkzfkEv3GRMyofVv40uXsQhCQeglr2OHNcUk2WOG51AKpGO8ynGpo9M/kFXSzghwug=="
      },
      "NETStandard.Library": {
        "type": "Transitive",
        "resolved": "1.6.1",
        "contentHash": "WcSp3+vP+yHNgS8EV5J7pZ9IRpeDuARBPN28by8zqff1wJQXm26PVU8L3/fYLBJVU7BtDyqNVWq2KlCVvSSR4A==",
        "dependencies": {
          "Microsoft.NETCore.Platforms": "1.1.0"
        }
      },
      "OpenAI": {
        "type": "Transitive",
        "resolved": "2.1.0",
        "contentHash": "zl72nyP4O94ZyEoCLoE8qoc5vp8kSJmRuqR+UdK+jNIjFJGWJYjsb4rAGpMWWRTbPYuk82E8myMJdVQurMLDnQ==",
        "dependencies": {
          "System.ClientModel": "1.2.1"
        }
      },
      "OpenTelemetry.Api.ProviderBuilderExtensions": {
        "type": "Transitive",
        "resolved": "1.14.0",
        "contentHash": "i/lxOM92v+zU5I0rGl5tXAGz6EJtxk2MvzZ0VN6F6L5pMqT6s6RCXnGWXg6fW+vtZJsllBlQaf/VLPTzgefJpg==",
        "dependencies": {
          "OpenTelemetry.Api": "1.14.0"
        }
      },
      "OpenTelemetry.PersistentStorage.Abstractions": {
        "type": "Transitive",
        "resolved": "1.0.2",
        "contentHash": "QuBc6e7M4Skvbc+eTQGSmrcoho7lSkHLT5ngoSsVeeT8OXLpSUETNcuRPW8F5drTPTzzTKQ98C5AhKO/pjpTJg=="
      },
      "OpenTelemetry.PersistentStorage.FileSystem": {
        "type": "Transitive",
        "resolved": "1.0.2",
        "contentHash": "ys0l9vL0/wOV9p/iuyDeemjX+d8iH4yjaYA1IcmyQUw0xsxx0I3hQm7tN3FnuRPsmPtrohiLtp31hO1BcrhQ+A==",
        "dependencies": {
          "OpenTelemetry.PersistentStorage.Abstractions": "1.0.2"
        }
      },
      "SQLitePCLRaw.core": {
        "type": "Transitive",
        "resolved": "2.1.11",
        "contentHash": "PK0GLFkfhZzLQeR3PJf71FmhtHox+U3vcY6ZtswoMjrefkB9k6ErNJEnwXqc5KgXDSjige2XXrezqS39gkpQKA=="
      },
      "System.ClientModel": {
        "type": "Transitive",
        "resolved": "1.8.0",
        "contentHash": "AqRzhn0v29GGGLj/Z6gKq4lGNtvPHT4nHdG5PDJh9IfVjv/nYUVmX11hwwws1vDFeIAzrvmn0dPu8IjLtu6fAw==",
        "dependencies": {
          "System.Memory.Data": "8.0.1"
        }
      },
      "System.Configuration.ConfigurationManager": {
        "type": "Transitive",
        "resolved": "9.0.4",
        "contentHash": "dvjqKp+2LpGid6phzrdrS/2mmEPxFl3jE1+L7614q4ZChKbLJCpHXg6sBILlCCED1t//EE+un/UdAetzIMpqnw==",
        "dependencies": {
          "System.Security.Cryptography.ProtectedData": "9.0.4"
        }
      },
      "System.Diagnostics.PerformanceCounter": {
        "type": "Transitive",
        "resolved": "6.0.0",
        "contentHash": "gbeE5tNp/oB7O8kTTLh3wPPJCxpNOphXPTWVs1BsYuFOYapFijWuh0LYw1qnDo4gwDUYPXOmpTIhvtxisGsYOQ==",
        "dependencies": {
          "System.Configuration.ConfigurationManager": "6.0.0"
        }
      },
      "System.IdentityModel.Tokens.Jwt": {
        "type": "Transitive",
        "resolved": "8.0.1",
        "contentHash": "GJw3bYkWpOgvN3tJo5X4lYUeIFA2HD293FPUhKmp7qxS+g5ywAb34Dnd3cDAFLkcMohy5XTpoaZ4uAHuw0uSPQ==",
        "dependencies": {
          "Microsoft.IdentityModel.JsonWebTokens": "8.0.1",
          "Microsoft.IdentityModel.Tokens": "8.0.1"
        }
      },
      "System.IO.FileSystem.AccessControl": {
        "type": "Transitive",
        "resolved": "4.7.0",
        "contentHash": "vMToiarpU81LR1/KZtnT7VDPvqAZfw9oOS5nY6pPP78nGYz3COLsQH3OfzbR+SjTgltd31R6KmKklz/zDpTmzw=="
      },
      "System.IO.Hashing": {
        "type": "Transitive",
        "resolved": "8.0.0",
        "contentHash": "ne1843evDugl0md7Fjzy6QjJrzsjh46ZKbhf8GwBXb5f/gw97J4bxMs0NQKifDuThh/f0bZ0e62NPl1jzTuRqA=="
      },
      "System.Memory.Data": {
        "type": "Transitive",
        "resolved": "8.0.1",
        "contentHash": "BVYuec3jV23EMRDeR7Dr1/qhx7369dZzJ9IWy2xylvb4YfXsrUxspWc4UWYid/tj4zZK58uGZqn2WQiaDMhmAg=="
      },
      "System.Security.Cryptography.Pkcs": {
        "type": "Transitive",
        "resolved": "9.0.4",
        "contentHash": "cUFTcMlz/Qw9s90b2wnWSCvHdjv51Bau9FQqhsr4TlwSe1OX+7SoXUqphis5G74MLOvMOCghxPPlEqOdCrVVGA=="
      },
      "System.Security.Cryptography.ProtectedData": {
        "type": "Transitive",
        "resolved": "9.0.4",
        "contentHash": "o94k2RKuAce3GeDMlUvIXlhVa1kWpJw95E6C9LwW0KlG0nj5+SgCiIxJ2Eroqb9sLtG1mEMbFttZIBZ13EJPvQ=="
      },
      "arolariu.backend.common": {
        "type": "Project",
        "dependencies": {
          "Azure.Core": "[1.50.0, )",
          "Azure.Identity": "[1.17.1, )",
          "Azure.Monitor.OpenTelemetry.Exporter": "[1.5.0, )",
          "Azure.Security.KeyVault.Secrets": "[4.8.0, )",
          "Microsoft.ApplicationInsights": "[2.23.0, )",
          "Microsoft.ApplicationInsights.AspNetCore": "[2.23.0, )",
          "Microsoft.ApplicationInsights.DependencyCollector": "[2.23.0, )",
          "Microsoft.AspNetCore.Diagnostics.EntityFrameworkCore": "[10.0.0, )",
          "Microsoft.AspNetCore.Identity.EntityFrameworkCore": "[10.0.0, )",
          "Microsoft.AspNetCore.OpenApi": "[10.0.0, )",
          "Microsoft.Azure.AppConfiguration.AspNetCore": "[8.4.0, )",
          "Microsoft.Azure.Cosmos": "[3.56.0, )",
          "Microsoft.EntityFrameworkCore": "[10.0.0, )",
          "Microsoft.EntityFrameworkCore.Abstractions": "[10.0.0, )",
          "Microsoft.EntityFrameworkCore.Analyzers": "[10.0.0, )",
          "Microsoft.EntityFrameworkCore.Cosmos": "[10.0.0, )",
          "Microsoft.EntityFrameworkCore.Proxies": "[10.0.0, )",
          "Microsoft.EntityFrameworkCore.Relational": "[10.0.0, )",
          "Microsoft.EntityFrameworkCore.SqlServer": "[10.0.0, )",
          "Microsoft.EntityFrameworkCore.Sqlite.Core": "[10.0.0, )",
          "Microsoft.Extensions.Configuration.AzureAppConfiguration": "[8.4.0, )",
          "Newtonsoft.Json": "[13.0.4, )",
          "OpenTelemetry": "[1.14.0, )",
          "OpenTelemetry.Api": "[1.14.0, )",
          "OpenTelemetry.Exporter.Console": "[1.14.0, )",
          "OpenTelemetry.Extensions.Hosting": "[1.14.0, )",
          "OpenTelemetry.Instrumentation.AspNetCore": "[1.14.0, )",
          "OpenTelemetry.Instrumentation.EntityFrameworkCore": "[1.0.0-beta.11, )",
          "OpenTelemetry.Instrumentation.Http": "[1.14.0, )",
          "Swashbuckle.AspNetCore": "[10.0.1, )",
          "Swashbuckle.AspNetCore.Annotations": "[10.0.1, )",
          "Swashbuckle.AspNetCore.Swagger": "[10.0.1, )",
          "Swashbuckle.AspNetCore.SwaggerGen": "[10.0.1, )",
          "Swashbuckle.AspNetCore.SwaggerUI": "[10.0.1, )"
        }
      },
      "arolariu.backend.core.auth": {
        "type": "Project",
        "dependencies": {
          "Microsoft.AspNetCore.Authentication.JwtBearer": "[10.0.0, )",
          "Microsoft.AspNetCore.Identity.EntityFrameworkCore": "[10.0.0, )",
          "Microsoft.Azure.Cosmos": "[3.56.0, )",
          "Microsoft.IdentityModel.JsonWebTokens": "[8.15.0, )",
          "Newtonsoft.Json": "[13.0.4, )",
          "arolariu.Backend.Common": "[1.0.0, )"
        }
      },
      "arolariu.backend.domain.invoices": {
        "type": "Project",
        "dependencies": {
          "Azure.AI.FormRecognizer": "[4.1.0, )",
          "Azure.AI.OpenAI": "[2.1.0, )",
          "Azure.AI.OpenAI.Assistants": "[1.0.0-beta.4, )",
          "Azure.AI.Translation.Text": "[1.0.0, )",
          "Azure.Extensions.AspNetCore.Configuration.Secrets": "[1.4.0, )",
          "Azure.Storage.Blobs": "[12.26.0, )",
          "Microsoft.Azure.CognitiveServices.Vision.ComputerVision": "[7.0.1, )",
          "Microsoft.Azure.Cosmos": "[3.56.0, )",
          "Microsoft.Extensions.Azure": "[1.13.1, )",
          "Newtonsoft.Json": "[13.0.4, )",
          "arolariu.Backend.Common": "[1.0.0, )"
        }
      },
      "Azure.AI.FormRecognizer": {
        "type": "CentralTransitive",
        "requested": "[4.1.0, )",
        "resolved": "4.1.0",
        "contentHash": "R9mEeYFa2+EcCu5dOGOFG07nbELHY/2o6JtgJoxNTo2wtsonLnLwcKzX/sxOnYhpib4TJEBTUX0/ea0lL130Iw==",
        "dependencies": {
          "Azure.Core": "1.34.0"
        }
      },
      "Azure.AI.OpenAI.Assistants": {
        "type": "CentralTransitive",
        "requested": "[1.0.0-beta.4, )",
        "resolved": "1.0.0-beta.4",
        "contentHash": "AzHtUzNtUNS0TqMr3RNy8E2v9H/nfah4NyisMVzbeFJTieTDLOW4IVArTFF0xR/UMmfWvW5N/56zYPXR4hSelg==",
        "dependencies": {
          "Azure.Core": "1.39.0",
          "System.ClientModel": "1.0.0"
        }
      },
      "Azure.AI.Translation.Text": {
        "type": "CentralTransitive",
        "requested": "[1.0.0, )",
        "resolved": "1.0.0",
        "contentHash": "1NuUYXydLzlJH8NXuq3SIBvCJ1VDSXJym0BA24bFWkLMDluYQaS4pwmrVyEfTqFmqO1fqzAxP87RMqH+zWdr4Q==",
        "dependencies": {
          "Azure.Core": "1.39.0",
          "System.ClientModel": "1.0.0"
        }
      },
      "Azure.Core": {
        "type": "CentralTransitive",
        "requested": "[1.50.0, )",
        "resolved": "1.50.0",
        "contentHash": "GBNKZEhdIbTXxedvD3R7I/yDVFX9jJJEz02kCziFSJxspSQ5RMHc3GktulJ1s7+ffXaXD7kMgrtdQTaggyInLw==",
        "dependencies": {
          "Microsoft.Bcl.AsyncInterfaces": "8.0.0",
          "System.ClientModel": "1.8.0",
          "System.Memory.Data": "8.0.1"
        }
      },
      "Azure.Identity": {
        "type": "CentralTransitive",
        "requested": "[1.17.1, )",
        "resolved": "1.17.1",
        "contentHash": "MSZkBrctcpiGxs9Cvr2VKKoN6qFLZlP3I6xuCWJ9iTgitI5Rgxtk5gfOSpXPZE3+CJmZ/mnqpQyGyjawFn5Vvg==",
        "dependencies": {
          "Azure.Core": "1.50.0",
          "Microsoft.Identity.Client": "4.78.0",
          "Microsoft.Identity.Client.Extensions.Msal": "4.78.0"
        }
      },
      "Azure.Monitor.OpenTelemetry.Exporter": {
        "type": "CentralTransitive",
        "requested": "[1.5.0, )",
        "resolved": "1.5.0",
        "contentHash": "7YgW82V13PwhjrlaN2Nbu9UIvYMzZxjgV9TYqK34PK+81IWsDwPO3vBhyeHYpDBwKWm7wqHp1c3VVX5DN4G2WA==",
        "dependencies": {
          "Azure.Core": "1.50.0",
          "OpenTelemetry": "1.14.0",
          "OpenTelemetry.Extensions.Hosting": "1.14.0",
          "OpenTelemetry.PersistentStorage.FileSystem": "1.0.2"
        }
      },
      "Azure.Security.KeyVault.Secrets": {
        "type": "CentralTransitive",
        "requested": "[4.8.0, )",
        "resolved": "4.8.0",
        "contentHash": "tmcIgo+de2K5+PTBRNlnFLQFbmSoyuT9RpDr5MwKS6mIfNxLPQpARkRAP91r3tmeiJ9j/UCO0F+hTlk1Bk7HNQ==",
        "dependencies": {
          "Azure.Core": "1.46.2"
        }
      },
      "Microsoft.ApplicationInsights": {
        "type": "CentralTransitive",
        "requested": "[2.23.0, )",
        "resolved": "2.23.0",
        "contentHash": "nWArUZTdU7iqZLycLKWe0TDms48KKGE6pONH2terYNa8REXiqixrMOkf1sk5DHGMaUTqONU2YkS4SAXBhLStgw=="
      },
      "Microsoft.ApplicationInsights.DependencyCollector": {
        "type": "CentralTransitive",
        "requested": "[2.23.0, )",
        "resolved": "2.23.0",
        "contentHash": "9YRdl9SNbTxd4AafJckyoJLr5gJdnvqFivjo+PY0lQTPEncPB+z3ZABG4iDfxN9HI1aLqyRINr1/7de9Wg8ZuQ==",
        "dependencies": {
          "Microsoft.ApplicationInsights": "2.23.0"
        }
      },
      "Microsoft.AspNetCore.Authentication.JwtBearer": {
        "type": "CentralTransitive",
        "requested": "[10.0.0, )",
        "resolved": "10.0.0",
        "contentHash": "0BgDfT1GoZnzjJOBwx5vFMK5JtqsTEas9pCEwd1/KKxNUAqFmreN60WeUoF+CsmSd9tOQuqWedvdBo/QqHuNTQ==",
        "dependencies": {
          "Microsoft.IdentityModel.Protocols.OpenIdConnect": "8.0.1"
        }
      },
      "Microsoft.AspNetCore.Diagnostics.EntityFrameworkCore": {
        "type": "CentralTransitive",
        "requested": "[10.0.0, )",
        "resolved": "10.0.0",
        "contentHash": "+G3o7pCNNqtuQMtO2Sxdng18Wc0RjQmbNG41GUQUM3rMjytPv59p2/9gCA+iHs2juG8/a6q7uxq8OH8WaVAk6Q==",
        "dependencies": {
          "Microsoft.EntityFrameworkCore.Relational": "10.0.0"
        }
      },
      "Microsoft.AspNetCore.Identity.EntityFrameworkCore": {
        "type": "CentralTransitive",
        "requested": "[10.0.0, )",
        "resolved": "10.0.0",
        "contentHash": "mH1+58nbX5RWSd8hajSnXSdpQ1MN3oca488Zd+DvKX2nPTAyTVNRzubMV06BmPcjOZ9waLr/AjwcNiCQ8bCscQ==",
        "dependencies": {
          "Microsoft.EntityFrameworkCore.Relational": "10.0.0"
        }
      },
      "Microsoft.AspNetCore.OpenApi": {
        "type": "CentralTransitive",
        "requested": "[10.0.0, )",
        "resolved": "10.0.0",
        "contentHash": "0aqIF1t+sA2T62LIeMtXGSiaV7keGQaJnvwwmu+htQdjCaKYARfXAeqp4nHH9y2etpilyZ/tnQzZg4Ilmo/c4Q==",
        "dependencies": {
          "Microsoft.OpenApi": "2.0.0"
        }
      },
      "Microsoft.Azure.AppConfiguration.AspNetCore": {
        "type": "CentralTransitive",
        "requested": "[8.4.0, )",
        "resolved": "8.4.0",
        "contentHash": "Q48T/fp5anJYK9gp+CRpJ9efAhimn2MRHF6EKUrBsb5X11mczc1+zHYpfy3WTy3vO8yepBhyhSb6CaS2aGmUyA==",
        "dependencies": {
          "Microsoft.Extensions.Configuration.AzureAppConfiguration": "8.4.0"
        }
      },
      "Microsoft.Azure.CognitiveServices.Vision.ComputerVision": {
        "type": "CentralTransitive",
        "requested": "[7.0.1, )",
        "resolved": "7.0.1",
        "contentHash": "KbyyhYy+uGoHVqPSsKMvqLc68juir5USFBVEDPgr0O9pBmxxp1Eau238+mIjHfn/4D6nGmRy7R+GxkxTZxdiYw==",
        "dependencies": {
          "Microsoft.Rest.ClientRuntime": "[2.3.20, 3.0.0)",
          "Microsoft.Rest.ClientRuntime.Azure": "[3.3.18, 4.0.0)",
          "Newtonsoft.Json": "10.0.3"
        }
      },
      "Microsoft.EntityFrameworkCore": {
        "type": "CentralTransitive",
        "requested": "[10.0.0, )",
        "resolved": "10.0.0",
        "contentHash": "hHa2amRjMyBLUH/KTML6FgIAhZ0VFYkhCKwWEax0rO6iNeM1P5MflyeQLE5dniSIOZHc3Oqyv5UIyTFO4e1Auw==",
        "dependencies": {
          "Microsoft.EntityFrameworkCore.Abstractions": "10.0.0",
          "Microsoft.EntityFrameworkCore.Analyzers": "10.0.0"
        }
      },
      "Microsoft.EntityFrameworkCore.Abstractions": {
        "type": "CentralTransitive",
        "requested": "[10.0.0, )",
        "resolved": "10.0.0",
        "contentHash": "C+TT9k7f1GQ8agOfV512K9iwrzi76RXVSDiLx+iWC9pz3QhEpSF1Dyk+FpVvd8ULQ+rqymfM8KQ7g48ttQVyMg=="
      },
      "Microsoft.EntityFrameworkCore.Analyzers": {
        "type": "CentralTransitive",
        "requested": "[10.0.0, )",
        "resolved": "10.0.0",
        "contentHash": "TxHQq0kn0tpYs2ljeRl8jtmWk720B0nteqI6mAZM77HWJpYT9Zj8SkkBBlj8K3Yeq18a6NBjz6YutE+shEk4Ag=="
      },
      "Microsoft.EntityFrameworkCore.Cosmos": {
        "type": "CentralTransitive",
        "requested": "[10.0.0, )",
        "resolved": "10.0.0",
        "contentHash": "P+++/ZGojri2OKaZHZ8XnldjK4f+qVX81kYOVHWmr+fDQvYgaHz7hbzCX+X68TtHMY39QB4ZvDCBLC16VTQUIw==",
        "dependencies": {
          "Microsoft.Azure.Cosmos": "3.51.0",
          "Microsoft.EntityFrameworkCore": "10.0.0",
          "Newtonsoft.Json": "13.0.3"
        }
      },
      "Microsoft.EntityFrameworkCore.Proxies": {
        "type": "CentralTransitive",
        "requested": "[10.0.0, )",
        "resolved": "10.0.0",
        "contentHash": "zskhc/SHCORogkdZZpPupe189/mj52PxzU21/MyOxTHD+7cwv0KD5B54szd9WdT0fapz5NULJ+PzvNiDn3AqCg==",
        "dependencies": {
          "Castle.Core": "5.2.1",
          "Microsoft.EntityFrameworkCore": "10.0.0"
        }
      },
      "Microsoft.EntityFrameworkCore.Relational": {
        "type": "CentralTransitive",
        "requested": "[10.0.0, )",
        "resolved": "10.0.0",
        "contentHash": "A3MX1ee7RDxWCUdx/KqP+74fbksz0UIhkVZh56YHvbPkEKsffCXgHU3LGkRDwqR/MrBNWLCWC/IVX79tzM30ZA==",
        "dependencies": {
          "Microsoft.EntityFrameworkCore": "10.0.0"
        }
      },
      "Microsoft.EntityFrameworkCore.Sqlite.Core": {
        "type": "CentralTransitive",
        "requested": "[10.0.0, )",
        "resolved": "10.0.0",
        "contentHash": "VThKv9UqVxFEuuHvjAgMwy6ZFCeKJXOH+ISAR4IMuwlkozv26ptZhr09+6YxWrWwSR/Sinp8BxQ7qePCJFSALQ==",
        "dependencies": {
          "Microsoft.Data.Sqlite.Core": "10.0.0",
          "Microsoft.EntityFrameworkCore.Relational": "10.0.0",
          "Microsoft.Extensions.DependencyModel": "10.0.0",
          "SQLitePCLRaw.core": "2.1.11"
        }
      },
      "Microsoft.EntityFrameworkCore.SqlServer": {
        "type": "CentralTransitive",
        "requested": "[10.0.0, )",
        "resolved": "10.0.0",
        "contentHash": "9ip+r8Wtu0qNtFLYnQC3bkhQAsINIyo8XWYJHCVY22BFLxIT4rPxZPkbto56SjCnkwxS6nnbFZTU6KuAO2Nu1g==",
        "dependencies": {
          "Microsoft.Data.SqlClient": "6.1.1",
          "Microsoft.EntityFrameworkCore.Relational": "10.0.0"
        }
      },
      "Microsoft.Extensions.Configuration.AzureAppConfiguration": {
        "type": "CentralTransitive",
        "requested": "[8.4.0, )",
        "resolved": "8.4.0",
        "contentHash": "Gk8TtbewXsgWrYlGTIiyy+VJlv7O7FMWSLdN6xfEr57nqtW+PkQBikCDW2dlG3U9iqPDT1F8pSIR5Uf6UG5W3w==",
        "dependencies": {
          "Azure.Data.AppConfiguration": "1.6.1",
          "Azure.Messaging.EventGrid": "5.0.0",
          "Azure.Security.KeyVault.Secrets": "4.8.0",
          "DnsClient": "1.7.0",
          "Microsoft.Bcl.HashCode": "6.0.0",
          "Microsoft.Extensions.Azure": "1.12.0"
        }
      },
      "Microsoft.IdentityModel.JsonWebTokens": {
        "type": "CentralTransitive",
        "requested": "[8.15.0, )",
        "resolved": "8.15.0",
        "contentHash": "3513f5VzvOZy3ELd42wGnh1Q3e83tlGAuXFSNbENpgWYoAhLLzgFtd5PiaOPGAU0gqKhYGVzKavghLUGfX3HQg==",
        "dependencies": {
          "Microsoft.IdentityModel.Tokens": "8.15.0"
        }
      },
      "OpenTelemetry": {
        "type": "CentralTransitive",
        "requested": "[1.14.0, )",
        "resolved": "1.14.0",
        "contentHash": "aiPBAr1+0dPDItH++MQQr5UgMf4xiybruzNlAoYYMYN3UUk+mGRcoKuZy4Z4rhhWUZIpK2Xhe7wUUXSTM32duQ==",
        "dependencies": {
          "OpenTelemetry.Api.ProviderBuilderExtensions": "1.14.0"
        }
      },
      "OpenTelemetry.Api": {
        "type": "CentralTransitive",
        "requested": "[1.14.0, )",
        "resolved": "1.14.0",
        "contentHash": "foHci6viUw1f3gUB8qzz3Rk02xZIWMo299X0rxK0MoOWok/3dUVru+KKdY7WIoSHwRGpxGKkmAz9jIk2RFNbsQ=="
      },
      "OpenTelemetry.Exporter.Console": {
        "type": "CentralTransitive",
        "requested": "[1.14.0, )",
        "resolved": "1.14.0",
        "contentHash": "u0ekKB603NBrll76bK/wkLTnD/bl+5QMrXZKOA6oW+H383E2z5gfaWSrwof94URuvTFrtWRQcLKH+hhPykfM2w==",
        "dependencies": {
          "OpenTelemetry": "1.14.0"
        }
      },
      "OpenTelemetry.Extensions.Hosting": {
        "type": "CentralTransitive",
        "requested": "[1.14.0, )",
        "resolved": "1.14.0",
        "contentHash": "ZAxkCIa3Q3YWZ1sGrolXfkhPqn2PFSz2Cel74em/fATZgY5ixlw6MQp2icmqKCz4C7M1W2G0b92K3rX8mOtFRg==",
        "dependencies": {
          "OpenTelemetry": "1.14.0"
        }
      },
      "OpenTelemetry.Instrumentation.AspNetCore": {
        "type": "CentralTransitive",
        "requested": "[1.14.0, )",
        "resolved": "1.14.0",
        "contentHash": "NQAQpFa3a4ofPUYwxcwtNPGpuRNwwx1HM7MnLEESYjYkhfhER+PqqGywW65rWd7bJEc1/IaL+xbmHH99pYDE0A==",
        "dependencies": {
          "OpenTelemetry.Api.ProviderBuilderExtensions": "[1.14.0, 2.0.0)"
        }
      },
      "OpenTelemetry.Instrumentation.EntityFrameworkCore": {
        "type": "CentralTransitive",
        "requested": "[1.0.0-beta.11, )",
        "resolved": "1.0.0-beta.11",
        "contentHash": "1Fe7JVGuUimbF87gx4tuODQqxDkBBMelVh+n0b5YuYHNO9kNt3yaIrR9UnphIxr0AYlnqq5xNJTBKM2lZrbqNA==",
        "dependencies": {
          "OpenTelemetry.Api.ProviderBuilderExtensions": "[1.8.0, 2.0.0)"
        }
      },
      "OpenTelemetry.Instrumentation.Http": {
        "type": "CentralTransitive",
        "requested": "[1.14.0, )",
        "resolved": "1.14.0",
        "contentHash": "uH8X1fYnywrgaUrSbemKvFiFkBwY7ZbBU7Wh4A/ORQmdpF3G/5STidY4PlK4xYuIv9KkdMXH/vkpvzQcayW70g==",
        "dependencies": {
          "OpenTelemetry.Api.ProviderBuilderExtensions": "[1.14.0, 2.0.0)"
        }
      },
      "Swashbuckle.AspNetCore": {
        "type": "CentralTransitive",
        "requested": "[10.0.1, )",
        "resolved": "10.0.1",
        "contentHash": "177+JNAV5TNvy8gLCdrcWBY9n2jdkxiHQDY4vhaExeqUpKrOqDatCcm/kW3kze60GqfnZ2NobD/IKiAPOL+CEw==",
        "dependencies": {
          "Microsoft.Extensions.ApiDescription.Server": "10.0.0",
          "Swashbuckle.AspNetCore.Swagger": "10.0.1",
          "Swashbuckle.AspNetCore.SwaggerGen": "10.0.1",
          "Swashbuckle.AspNetCore.SwaggerUI": "10.0.1"
        }
      },
      "Swashbuckle.AspNetCore.Annotations": {
        "type": "CentralTransitive",
        "requested": "[10.0.1, )",
        "resolved": "10.0.1",
        "contentHash": "Da4rPCGlaoJ5AvqP/uD5dP8EY+OyCsLGwA2Ajw2nIKjXDj2nxSg2zVWcncxCKyii7n1RwX3Jhd7hlw1aOnD70A==",
        "dependencies": {
          "Swashbuckle.AspNetCore.SwaggerGen": "10.0.1"
        }
      },
      "Swashbuckle.AspNetCore.Swagger": {
        "type": "CentralTransitive",
        "requested": "[10.0.1, )",
        "resolved": "10.0.1",
        "contentHash": "HJYFSP18YF1Z6LCwunL+v8wuZUzzvcjarB8AJna/NVVIpq11FH9BW/D/6abwigu7SsKRbisStmk8xu2mTsxxHg==",
        "dependencies": {
          "Microsoft.OpenApi": "2.3.0"
        }
      },
      "Swashbuckle.AspNetCore.SwaggerGen": {
        "type": "CentralTransitive",
        "requested": "[10.0.1, )",
        "resolved": "10.0.1",
        "contentHash": "vMMBDiTC53KclPs1aiedRZnXkoI2ZgF5/JFr3Dqr8KT7wvIbA/MwD+ormQ4qf25gN5xCrJbmz/9/Z3RrpSofMA==",
        "dependencies": {
          "Swashbuckle.AspNetCore.Swagger": "10.0.1"
        }
      },
      "Swashbuckle.AspNetCore.SwaggerUI": {
        "type": "CentralTransitive",
        "requested": "[10.0.1, )",
        "resolved": "10.0.1",
        "contentHash": "a2eLI/fCxJ3WH+H1hr7Q2T82ZBk20FfqYBEZ9hOr3f+426ZUfGU2LxYWzOJrf5/4y6EKShmWpjJG01h3Rc+l6Q=="
      }
    }
  }
}